<?xml version="1.0" encoding="UTF-8"?>
<CodeBlocks_project_file>
	<FileVersion major="1" minor="6"/>
	<Project>
		<Option title="libakrypt-0.8.4"/>
		<Option makefile_is_custom="1"/>
		<Option compiler="gcc"/>
		<Option virtualFolders="CMake Files\;CMake Files\libakrypt-0.x\;CMake Files\libakrypt-0.x\cmake\;CMake Files\libakrypt-0.x\source\;"/>
		<Build>
			<Target title="all">
				<Option working_dir="/home/ettafury/Projects/PAZI_Jacobi_intersections/Builds/Debug/libakrypt-0.x"/>
				<Option type="4"/>
				<MakeCommands>
					<Build command="/usr/bin/ninja -v all"/>
					<CompileFile command="/usr/bin/ninja -v &quot;$file&quot;"/>
					<Clean command="/usr/bin/ninja -v clean"/>
					<DistClean command="/usr/bin/ninja -v clean"/>
				</MakeCommands>
			</Target>
			<Target title="akrypt-static">
				<Option output="/home/ettafury/Projects/PAZI_Jacobi_intersections/Builds/Debug/libakrypt-0.x/libakrypt.a" prefix_auto="0" extension_auto="0"/>
				<Option working_dir="/home/ettafury/Projects/PAZI_Jacobi_intersections/Builds/Debug/libakrypt-0.x"/>
				<Option object_output="./"/>
				<Option type="2"/>
				<Option compiler="gcc"/>
				<Compiler>
					<Add directory="/home/ettafury/Projects/PAZI_Jacobi_intersections/libakrypt-0.x/source"/>
					<Add directory="/usr/lib/gcc/x86_64-pc-linux-gnu/10.2.0/../../../../include/c++/10.2.0"/>
					<Add directory="/usr/lib/gcc/x86_64-pc-linux-gnu/10.2.0/../../../../include/c++/10.2.0/x86_64-pc-linux-gnu"/>
					<Add directory="/usr/lib/gcc/x86_64-pc-linux-gnu/10.2.0/../../../../include/c++/10.2.0/backward"/>
					<Add directory="/usr/lib/gcc/x86_64-pc-linux-gnu/10.2.0/include"/>
					<Add directory="/usr/local/include"/>
					<Add directory="/usr/lib/gcc/x86_64-pc-linux-gnu/10.2.0/include-fixed"/>
					<Add directory="/usr/include"/>
				</Compiler>
				<MakeCommands>
					<Build command="/usr/bin/ninja -v akrypt-static"/>
					<CompileFile command="/usr/bin/ninja -v &quot;$file&quot;"/>
					<Clean command="/usr/bin/ninja -v clean"/>
					<DistClean command="/usr/bin/ninja -v clean"/>
				</MakeCommands>
			</Target>
			<Target title="akrypt-static/fast">
				<Option output="/home/ettafury/Projects/PAZI_Jacobi_intersections/Builds/Debug/libakrypt-0.x/libakrypt.a" prefix_auto="0" extension_auto="0"/>
				<Option working_dir="/home/ettafury/Projects/PAZI_Jacobi_intersections/Builds/Debug/libakrypt-0.x"/>
				<Option object_output="./"/>
				<Option type="2"/>
				<Option compiler="gcc"/>
				<Compiler>
					<Add directory="/home/ettafury/Projects/PAZI_Jacobi_intersections/libakrypt-0.x/source"/>
					<Add directory="/usr/lib/gcc/x86_64-pc-linux-gnu/10.2.0/../../../../include/c++/10.2.0"/>
					<Add directory="/usr/lib/gcc/x86_64-pc-linux-gnu/10.2.0/../../../../include/c++/10.2.0/x86_64-pc-linux-gnu"/>
					<Add directory="/usr/lib/gcc/x86_64-pc-linux-gnu/10.2.0/../../../../include/c++/10.2.0/backward"/>
					<Add directory="/usr/lib/gcc/x86_64-pc-linux-gnu/10.2.0/include"/>
					<Add directory="/usr/local/include"/>
					<Add directory="/usr/lib/gcc/x86_64-pc-linux-gnu/10.2.0/include-fixed"/>
					<Add directory="/usr/include"/>
				</Compiler>
				<MakeCommands>
					<Build command="/usr/bin/ninja -v akrypt-static/fast"/>
					<CompileFile command="/usr/bin/ninja -v &quot;$file&quot;"/>
					<Clean command="/usr/bin/ninja -v clean"/>
					<DistClean command="/usr/bin/ninja -v clean"/>
				</MakeCommands>
			</Target>
			<Target title="example-icode">
				<Option output="/home/ettafury/Projects/PAZI_Jacobi_intersections/Builds/Debug/libakrypt-0.x/example-icode" prefix_auto="0" extension_auto="0"/>
				<Option working_dir="/home/ettafury/Projects/PAZI_Jacobi_intersections/Builds/Debug/libakrypt-0.x"/>
				<Option object_output="./"/>
				<Option type="1"/>
				<Option compiler="gcc"/>
				<Compiler>
					<Add directory="/home/ettafury/Projects/PAZI_Jacobi_intersections/libakrypt-0.x/source"/>
					<Add directory="/usr/lib/gcc/x86_64-pc-linux-gnu/10.2.0/../../../../include/c++/10.2.0"/>
					<Add directory="/usr/lib/gcc/x86_64-pc-linux-gnu/10.2.0/../../../../include/c++/10.2.0/x86_64-pc-linux-gnu"/>
					<Add directory="/usr/lib/gcc/x86_64-pc-linux-gnu/10.2.0/../../../../include/c++/10.2.0/backward"/>
					<Add directory="/usr/lib/gcc/x86_64-pc-linux-gnu/10.2.0/include"/>
					<Add directory="/usr/local/include"/>
					<Add directory="/usr/lib/gcc/x86_64-pc-linux-gnu/10.2.0/include-fixed"/>
					<Add directory="/usr/include"/>
				</Compiler>
				<MakeCommands>
					<Build command="/usr/bin/ninja -v example-icode"/>
					<CompileFile command="/usr/bin/ninja -v &quot;$file&quot;"/>
					<Clean command="/usr/bin/ninja -v clean"/>
					<DistClean command="/usr/bin/ninja -v clean"/>
				</MakeCommands>
			</Target>
			<Target title="example-icode/fast">
				<Option output="/home/ettafury/Projects/PAZI_Jacobi_intersections/Builds/Debug/libakrypt-0.x/example-icode" prefix_auto="0" extension_auto="0"/>
				<Option working_dir="/home/ettafury/Projects/PAZI_Jacobi_intersections/Builds/Debug/libakrypt-0.x"/>
				<Option object_output="./"/>
				<Option type="1"/>
				<Option compiler="gcc"/>
				<Compiler>
					<Add directory="/home/ettafury/Projects/PAZI_Jacobi_intersections/libakrypt-0.x/source"/>
					<Add directory="/usr/lib/gcc/x86_64-pc-linux-gnu/10.2.0/../../../../include/c++/10.2.0"/>
					<Add directory="/usr/lib/gcc/x86_64-pc-linux-gnu/10.2.0/../../../../include/c++/10.2.0/x86_64-pc-linux-gnu"/>
					<Add directory="/usr/lib/gcc/x86_64-pc-linux-gnu/10.2.0/../../../../include/c++/10.2.0/backward"/>
					<Add directory="/usr/lib/gcc/x86_64-pc-linux-gnu/10.2.0/include"/>
					<Add directory="/usr/local/include"/>
					<Add directory="/usr/lib/gcc/x86_64-pc-linux-gnu/10.2.0/include-fixed"/>
					<Add directory="/usr/include"/>
				</Compiler>
				<MakeCommands>
					<Build command="/usr/bin/ninja -v example-icode/fast"/>
					<CompileFile command="/usr/bin/ninja -v &quot;$file&quot;"/>
					<Clean command="/usr/bin/ninja -v clean"/>
					<DistClean command="/usr/bin/ninja -v clean"/>
				</MakeCommands>
			</Target>
			<Target title="uninstall">
				<Option working_dir="/home/ettafury/Projects/PAZI_Jacobi_intersections/Builds/Debug/libakrypt-0.x"/>
				<Option type="4"/>
				<MakeCommands>
					<Build command="/usr/bin/ninja -v uninstall"/>
					<CompileFile command="/usr/bin/ninja -v &quot;$file&quot;"/>
					<Clean command="/usr/bin/ninja -v clean"/>
					<DistClean command="/usr/bin/ninja -v clean"/>
				</MakeCommands>
			</Target>
			<Target title="akrypt-shared">
				<Option output="/home/ettafury/Projects/PAZI_Jacobi_intersections/Builds/Debug/libakrypt-0.x/libakrypt.so" prefix_auto="0" extension_auto="0"/>
				<Option working_dir="/home/ettafury/Projects/PAZI_Jacobi_intersections/Builds/Debug/libakrypt-0.x"/>
				<Option object_output="./"/>
				<Option type="3"/>
				<Option compiler="gcc"/>
				<Compiler>
					<Add directory="/home/ettafury/Projects/PAZI_Jacobi_intersections/libakrypt-0.x/source"/>
					<Add directory="/usr/lib/gcc/x86_64-pc-linux-gnu/10.2.0/../../../../include/c++/10.2.0"/>
					<Add directory="/usr/lib/gcc/x86_64-pc-linux-gnu/10.2.0/../../../../include/c++/10.2.0/x86_64-pc-linux-gnu"/>
					<Add directory="/usr/lib/gcc/x86_64-pc-linux-gnu/10.2.0/../../../../include/c++/10.2.0/backward"/>
					<Add directory="/usr/lib/gcc/x86_64-pc-linux-gnu/10.2.0/include"/>
					<Add directory="/usr/local/include"/>
					<Add directory="/usr/lib/gcc/x86_64-pc-linux-gnu/10.2.0/include-fixed"/>
					<Add directory="/usr/include"/>
				</Compiler>
				<MakeCommands>
					<Build command="/usr/bin/ninja -v akrypt-shared"/>
					<CompileFile command="/usr/bin/ninja -v &quot;$file&quot;"/>
					<Clean command="/usr/bin/ninja -v clean"/>
					<DistClean command="/usr/bin/ninja -v clean"/>
				</MakeCommands>
			</Target>
			<Target title="akrypt-shared/fast">
				<Option output="/home/ettafury/Projects/PAZI_Jacobi_intersections/Builds/Debug/libakrypt-0.x/libakrypt.so" prefix_auto="0" extension_auto="0"/>
				<Option working_dir="/home/ettafury/Projects/PAZI_Jacobi_intersections/Builds/Debug/libakrypt-0.x"/>
				<Option object_output="./"/>
				<Option type="3"/>
				<Option compiler="gcc"/>
				<Compiler>
					<Add directory="/home/ettafury/Projects/PAZI_Jacobi_intersections/libakrypt-0.x/source"/>
					<Add directory="/usr/lib/gcc/x86_64-pc-linux-gnu/10.2.0/../../../../include/c++/10.2.0"/>
					<Add directory="/usr/lib/gcc/x86_64-pc-linux-gnu/10.2.0/../../../../include/c++/10.2.0/x86_64-pc-linux-gnu"/>
					<Add directory="/usr/lib/gcc/x86_64-pc-linux-gnu/10.2.0/../../../../include/c++/10.2.0/backward"/>
					<Add directory="/usr/lib/gcc/x86_64-pc-linux-gnu/10.2.0/include"/>
					<Add directory="/usr/local/include"/>
					<Add directory="/usr/lib/gcc/x86_64-pc-linux-gnu/10.2.0/include-fixed"/>
					<Add directory="/usr/include"/>
				</Compiler>
				<MakeCommands>
					<Build command="/usr/bin/ninja -v akrypt-shared/fast"/>
					<CompileFile command="/usr/bin/ninja -v &quot;$file&quot;"/>
					<Clean command="/usr/bin/ninja -v clean"/>
					<DistClean command="/usr/bin/ninja -v clean"/>
				</MakeCommands>
			</Target>
			<Target title="aktool">
				<Option output="/home/ettafury/Projects/PAZI_Jacobi_intersections/Builds/Debug/libakrypt-0.x/aktool" prefix_auto="0" extension_auto="0"/>
				<Option working_dir="/home/ettafury/Projects/PAZI_Jacobi_intersections/Builds/Debug/libakrypt-0.x"/>
				<Option object_output="./"/>
				<Option type="1"/>
				<Option compiler="gcc"/>
				<Compiler>
					<Add directory="/home/ettafury/Projects/PAZI_Jacobi_intersections/libakrypt-0.x/source"/>
					<Add directory="/home/ettafury/Projects/PAZI_Jacobi_intersections/libakrypt-0.x/aktool"/>
					<Add directory="/usr/lib/gcc/x86_64-pc-linux-gnu/10.2.0/../../../../include/c++/10.2.0"/>
					<Add directory="/usr/lib/gcc/x86_64-pc-linux-gnu/10.2.0/../../../../include/c++/10.2.0/x86_64-pc-linux-gnu"/>
					<Add directory="/usr/lib/gcc/x86_64-pc-linux-gnu/10.2.0/../../../../include/c++/10.2.0/backward"/>
					<Add directory="/usr/lib/gcc/x86_64-pc-linux-gnu/10.2.0/include"/>
					<Add directory="/usr/local/include"/>
					<Add directory="/usr/lib/gcc/x86_64-pc-linux-gnu/10.2.0/include-fixed"/>
					<Add directory="/usr/include"/>
				</Compiler>
				<MakeCommands>
					<Build command="/usr/bin/ninja -v aktool"/>
					<CompileFile command="/usr/bin/ninja -v &quot;$file&quot;"/>
					<Clean command="/usr/bin/ninja -v clean"/>
					<DistClean command="/usr/bin/ninja -v clean"/>
				</MakeCommands>
			</Target>
			<Target title="aktool/fast">
				<Option output="/home/ettafury/Projects/PAZI_Jacobi_intersections/Builds/Debug/libakrypt-0.x/aktool" prefix_auto="0" extension_auto="0"/>
				<Option working_dir="/home/ettafury/Projects/PAZI_Jacobi_intersections/Builds/Debug/libakrypt-0.x"/>
				<Option object_output="./"/>
				<Option type="1"/>
				<Option compiler="gcc"/>
				<Compiler>
					<Add directory="/home/ettafury/Projects/PAZI_Jacobi_intersections/libakrypt-0.x/source"/>
					<Add directory="/home/ettafury/Projects/PAZI_Jacobi_intersections/libakrypt-0.x/aktool"/>
					<Add directory="/usr/lib/gcc/x86_64-pc-linux-gnu/10.2.0/../../../../include/c++/10.2.0"/>
					<Add directory="/usr/lib/gcc/x86_64-pc-linux-gnu/10.2.0/../../../../include/c++/10.2.0/x86_64-pc-linux-gnu"/>
					<Add directory="/usr/lib/gcc/x86_64-pc-linux-gnu/10.2.0/../../../../include/c++/10.2.0/backward"/>
					<Add directory="/usr/lib/gcc/x86_64-pc-linux-gnu/10.2.0/include"/>
					<Add directory="/usr/local/include"/>
					<Add directory="/usr/lib/gcc/x86_64-pc-linux-gnu/10.2.0/include-fixed"/>
					<Add directory="/usr/include"/>
				</Compiler>
				<MakeCommands>
					<Build command="/usr/bin/ninja -v aktool/fast"/>
					<CompileFile command="/usr/bin/ninja -v &quot;$file&quot;"/>
					<Clean command="/usr/bin/ninja -v clean"/>
					<DistClean command="/usr/bin/ninja -v clean"/>
				</MakeCommands>
			</Target>
			<Target title="example-hello">
				<Option output="/home/ettafury/Projects/PAZI_Jacobi_intersections/Builds/Debug/libakrypt-0.x/example-hello" prefix_auto="0" extension_auto="0"/>
				<Option working_dir="/home/ettafury/Projects/PAZI_Jacobi_intersections/Builds/Debug/libakrypt-0.x"/>
				<Option object_output="./"/>
				<Option type="1"/>
				<Option compiler="gcc"/>
				<Compiler>
					<Add directory="/home/ettafury/Projects/PAZI_Jacobi_intersections/libakrypt-0.x/source"/>
					<Add directory="/usr/lib/gcc/x86_64-pc-linux-gnu/10.2.0/../../../../include/c++/10.2.0"/>
					<Add directory="/usr/lib/gcc/x86_64-pc-linux-gnu/10.2.0/../../../../include/c++/10.2.0/x86_64-pc-linux-gnu"/>
					<Add directory="/usr/lib/gcc/x86_64-pc-linux-gnu/10.2.0/../../../../include/c++/10.2.0/backward"/>
					<Add directory="/usr/lib/gcc/x86_64-pc-linux-gnu/10.2.0/include"/>
					<Add directory="/usr/local/include"/>
					<Add directory="/usr/lib/gcc/x86_64-pc-linux-gnu/10.2.0/include-fixed"/>
					<Add directory="/usr/include"/>
				</Compiler>
				<MakeCommands>
					<Build command="/usr/bin/ninja -v example-hello"/>
					<CompileFile command="/usr/bin/ninja -v &quot;$file&quot;"/>
					<Clean command="/usr/bin/ninja -v clean"/>
					<DistClean command="/usr/bin/ninja -v clean"/>
				</MakeCommands>
			</Target>
			<Target title="example-hello/fast">
				<Option output="/home/ettafury/Projects/PAZI_Jacobi_intersections/Builds/Debug/libakrypt-0.x/example-hello" prefix_auto="0" extension_auto="0"/>
				<Option working_dir="/home/ettafury/Projects/PAZI_Jacobi_intersections/Builds/Debug/libakrypt-0.x"/>
				<Option object_output="./"/>
				<Option type="1"/>
				<Option compiler="gcc"/>
				<Compiler>
					<Add directory="/home/ettafury/Projects/PAZI_Jacobi_intersections/libakrypt-0.x/source"/>
					<Add directory="/usr/lib/gcc/x86_64-pc-linux-gnu/10.2.0/../../../../include/c++/10.2.0"/>
					<Add directory="/usr/lib/gcc/x86_64-pc-linux-gnu/10.2.0/../../../../include/c++/10.2.0/x86_64-pc-linux-gnu"/>
					<Add directory="/usr/lib/gcc/x86_64-pc-linux-gnu/10.2.0/../../../../include/c++/10.2.0/backward"/>
					<Add directory="/usr/lib/gcc/x86_64-pc-linux-gnu/10.2.0/include"/>
					<Add directory="/usr/local/include"/>
					<Add directory="/usr/lib/gcc/x86_64-pc-linux-gnu/10.2.0/include-fixed"/>
					<Add directory="/usr/include"/>
				</Compiler>
				<MakeCommands>
					<Build command="/usr/bin/ninja -v example-hello/fast"/>
					<CompileFile command="/usr/bin/ninja -v &quot;$file&quot;"/>
					<Clean command="/usr/bin/ninja -v clean"/>
					<DistClean command="/usr/bin/ninja -v clean"/>
				</MakeCommands>
			</Target>
			<Target title="example-oid">
				<Option output="/home/ettafury/Projects/PAZI_Jacobi_intersections/Builds/Debug/libakrypt-0.x/example-oid" prefix_auto="0" extension_auto="0"/>
				<Option working_dir="/home/ettafury/Projects/PAZI_Jacobi_intersections/Builds/Debug/libakrypt-0.x"/>
				<Option object_output="./"/>
				<Option type="1"/>
				<Option compiler="gcc"/>
				<Compiler>
					<Add directory="/home/ettafury/Projects/PAZI_Jacobi_intersections/libakrypt-0.x/source"/>
					<Add directory="/usr/lib/gcc/x86_64-pc-linux-gnu/10.2.0/../../../../include/c++/10.2.0"/>
					<Add directory="/usr/lib/gcc/x86_64-pc-linux-gnu/10.2.0/../../../../include/c++/10.2.0/x86_64-pc-linux-gnu"/>
					<Add directory="/usr/lib/gcc/x86_64-pc-linux-gnu/10.2.0/../../../../include/c++/10.2.0/backward"/>
					<Add directory="/usr/lib/gcc/x86_64-pc-linux-gnu/10.2.0/include"/>
					<Add directory="/usr/local/include"/>
					<Add directory="/usr/lib/gcc/x86_64-pc-linux-gnu/10.2.0/include-fixed"/>
					<Add directory="/usr/include"/>
				</Compiler>
				<MakeCommands>
					<Build command="/usr/bin/ninja -v example-oid"/>
					<CompileFile command="/usr/bin/ninja -v &quot;$file&quot;"/>
					<Clean command="/usr/bin/ninja -v clean"/>
					<DistClean command="/usr/bin/ninja -v clean"/>
				</MakeCommands>
			</Target>
			<Target title="example-oid/fast">
				<Option output="/home/ettafury/Projects/PAZI_Jacobi_intersections/Builds/Debug/libakrypt-0.x/example-oid" prefix_auto="0" extension_auto="0"/>
				<Option working_dir="/home/ettafury/Projects/PAZI_Jacobi_intersections/Builds/Debug/libakrypt-0.x"/>
				<Option object_output="./"/>
				<Option type="1"/>
				<Option compiler="gcc"/>
				<Compiler>
					<Add directory="/home/ettafury/Projects/PAZI_Jacobi_intersections/libakrypt-0.x/source"/>
					<Add directory="/usr/lib/gcc/x86_64-pc-linux-gnu/10.2.0/../../../../include/c++/10.2.0"/>
					<Add directory="/usr/lib/gcc/x86_64-pc-linux-gnu/10.2.0/../../../../include/c++/10.2.0/x86_64-pc-linux-gnu"/>
					<Add directory="/usr/lib/gcc/x86_64-pc-linux-gnu/10.2.0/../../../../include/c++/10.2.0/backward"/>
					<Add directory="/usr/lib/gcc/x86_64-pc-linux-gnu/10.2.0/include"/>
					<Add directory="/usr/local/include"/>
					<Add directory="/usr/lib/gcc/x86_64-pc-linux-gnu/10.2.0/include-fixed"/>
					<Add directory="/usr/include"/>
				</Compiler>
				<MakeCommands>
					<Build command="/usr/bin/ninja -v example-oid/fast"/>
					<CompileFile command="/usr/bin/ninja -v &quot;$file&quot;"/>
					<Clean command="/usr/bin/ninja -v clean"/>
					<DistClean command="/usr/bin/ninja -v clean"/>
				</MakeCommands>
			</Target>
			<Target title="example-ini">
				<Option output="/home/ettafury/Projects/PAZI_Jacobi_intersections/Builds/Debug/libakrypt-0.x/example-ini" prefix_auto="0" extension_auto="0"/>
				<Option working_dir="/home/ettafury/Projects/PAZI_Jacobi_intersections/Builds/Debug/libakrypt-0.x"/>
				<Option object_output="./"/>
				<Option type="1"/>
				<Option compiler="gcc"/>
				<Compiler>
					<Add directory="/home/ettafury/Projects/PAZI_Jacobi_intersections/libakrypt-0.x/source"/>
					<Add directory="/usr/lib/gcc/x86_64-pc-linux-gnu/10.2.0/../../../../include/c++/10.2.0"/>
					<Add directory="/usr/lib/gcc/x86_64-pc-linux-gnu/10.2.0/../../../../include/c++/10.2.0/x86_64-pc-linux-gnu"/>
					<Add directory="/usr/lib/gcc/x86_64-pc-linux-gnu/10.2.0/../../../../include/c++/10.2.0/backward"/>
					<Add directory="/usr/lib/gcc/x86_64-pc-linux-gnu/10.2.0/include"/>
					<Add directory="/usr/local/include"/>
					<Add directory="/usr/lib/gcc/x86_64-pc-linux-gnu/10.2.0/include-fixed"/>
					<Add directory="/usr/include"/>
				</Compiler>
				<MakeCommands>
					<Build command="/usr/bin/ninja -v example-ini"/>
					<CompileFile command="/usr/bin/ninja -v &quot;$file&quot;"/>
					<Clean command="/usr/bin/ninja -v clean"/>
					<DistClean command="/usr/bin/ninja -v clean"/>
				</MakeCommands>
			</Target>
			<Target title="example-ini/fast">
				<Option output="/home/ettafury/Projects/PAZI_Jacobi_intersections/Builds/Debug/libakrypt-0.x/example-ini" prefix_auto="0" extension_auto="0"/>
				<Option working_dir="/home/ettafury/Projects/PAZI_Jacobi_intersections/Builds/Debug/libakrypt-0.x"/>
				<Option object_output="./"/>
				<Option type="1"/>
				<Option compiler="gcc"/>
				<Compiler>
					<Add directory="/home/ettafury/Projects/PAZI_Jacobi_intersections/libakrypt-0.x/source"/>
					<Add directory="/usr/lib/gcc/x86_64-pc-linux-gnu/10.2.0/../../../../include/c++/10.2.0"/>
					<Add directory="/usr/lib/gcc/x86_64-pc-linux-gnu/10.2.0/../../../../include/c++/10.2.0/x86_64-pc-linux-gnu"/>
					<Add directory="/usr/lib/gcc/x86_64-pc-linux-gnu/10.2.0/../../../../include/c++/10.2.0/backward"/>
					<Add directory="/usr/lib/gcc/x86_64-pc-linux-gnu/10.2.0/include"/>
					<Add directory="/usr/local/include"/>
					<Add directory="/usr/lib/gcc/x86_64-pc-linux-gnu/10.2.0/include-fixed"/>
					<Add directory="/usr/include"/>
				</Compiler>
				<MakeCommands>
					<Build command="/usr/bin/ninja -v example-ini/fast"/>
					<CompileFile command="/usr/bin/ninja -v &quot;$file&quot;"/>
					<Clean command="/usr/bin/ninja -v clean"/>
					<DistClean command="/usr/bin/ninja -v clean"/>
				</MakeCommands>
			</Target>
			<Target title="example-log">
				<Option output="/home/ettafury/Projects/PAZI_Jacobi_intersections/Builds/Debug/libakrypt-0.x/example-log" prefix_auto="0" extension_auto="0"/>
				<Option working_dir="/home/ettafury/Projects/PAZI_Jacobi_intersections/Builds/Debug/libakrypt-0.x"/>
				<Option object_output="./"/>
				<Option type="1"/>
				<Option compiler="gcc"/>
				<Compiler>
					<Add directory="/home/ettafury/Projects/PAZI_Jacobi_intersections/libakrypt-0.x/source"/>
					<Add directory="/usr/lib/gcc/x86_64-pc-linux-gnu/10.2.0/../../../../include/c++/10.2.0"/>
					<Add directory="/usr/lib/gcc/x86_64-pc-linux-gnu/10.2.0/../../../../include/c++/10.2.0/x86_64-pc-linux-gnu"/>
					<Add directory="/usr/lib/gcc/x86_64-pc-linux-gnu/10.2.0/../../../../include/c++/10.2.0/backward"/>
					<Add directory="/usr/lib/gcc/x86_64-pc-linux-gnu/10.2.0/include"/>
					<Add directory="/usr/local/include"/>
					<Add directory="/usr/lib/gcc/x86_64-pc-linux-gnu/10.2.0/include-fixed"/>
					<Add directory="/usr/include"/>
				</Compiler>
				<MakeCommands>
					<Build command="/usr/bin/ninja -v example-log"/>
					<CompileFile command="/usr/bin/ninja -v &quot;$file&quot;"/>
					<Clean command="/usr/bin/ninja -v clean"/>
					<DistClean command="/usr/bin/ninja -v clean"/>
				</MakeCommands>
			</Target>
			<Target title="example-log/fast">
				<Option output="/home/ettafury/Projects/PAZI_Jacobi_intersections/Builds/Debug/libakrypt-0.x/example-log" prefix_auto="0" extension_auto="0"/>
				<Option working_dir="/home/ettafury/Projects/PAZI_Jacobi_intersections/Builds/Debug/libakrypt-0.x"/>
				<Option object_output="./"/>
				<Option type="1"/>
				<Option compiler="gcc"/>
				<Compiler>
					<Add directory="/home/ettafury/Projects/PAZI_Jacobi_intersections/libakrypt-0.x/source"/>
					<Add directory="/usr/lib/gcc/x86_64-pc-linux-gnu/10.2.0/../../../../include/c++/10.2.0"/>
					<Add directory="/usr/lib/gcc/x86_64-pc-linux-gnu/10.2.0/../../../../include/c++/10.2.0/x86_64-pc-linux-gnu"/>
					<Add directory="/usr/lib/gcc/x86_64-pc-linux-gnu/10.2.0/../../../../include/c++/10.2.0/backward"/>
					<Add directory="/usr/lib/gcc/x86_64-pc-linux-gnu/10.2.0/include"/>
					<Add directory="/usr/local/include"/>
					<Add directory="/usr/lib/gcc/x86_64-pc-linux-gnu/10.2.0/include-fixed"/>
					<Add directory="/usr/include"/>
				</Compiler>
				<MakeCommands>
					<Build command="/usr/bin/ninja -v example-log/fast"/>
					<CompileFile command="/usr/bin/ninja -v &quot;$file&quot;"/>
					<Clean command="/usr/bin/ninja -v clean"/>
					<DistClean command="/usr/bin/ninja -v clean"/>
				</MakeCommands>
			</Target>
			<Target title="dist">
				<Option working_dir="/home/ettafury/Projects/PAZI_Jacobi_intersections/Builds/Debug/libakrypt-0.x"/>
				<Option type="4"/>
				<MakeCommands>
					<Build command="/usr/bin/ninja -v dist"/>
					<CompileFile command="/usr/bin/ninja -v &quot;$file&quot;"/>
					<Clean command="/usr/bin/ninja -v clean"/>
					<DistClean command="/usr/bin/ninja -v clean"/>
				</MakeCommands>
			</Target>
		</Build>
		<Unit filename="/home/ettafury/Projects/PAZI_Jacobi_intersections/libakrypt-0.x/aktool/aktool.c">
			<Option target="aktool"/>
		</Unit>
		<Unit filename="/home/ettafury/Projects/PAZI_Jacobi_intersections/libakrypt-0.x/aktool/aktool.h">
			<Option target="aktool"/>
		</Unit>
		<Unit filename="/home/ettafury/Projects/PAZI_Jacobi_intersections/libakrypt-0.x/aktool/aktool_asn1.c">
			<Option target="aktool"/>
		</Unit>
		<Unit filename="/home/ettafury/Projects/PAZI_Jacobi_intersections/libakrypt-0.x/aktool/aktool_icode.c">
			<Option target="aktool"/>
		</Unit>
		<Unit filename="/home/ettafury/Projects/PAZI_Jacobi_intersections/libakrypt-0.x/aktool/aktool_key.c">
			<Option target="aktool"/>
		</Unit>
		<Unit filename="/home/ettafury/Projects/PAZI_Jacobi_intersections/libakrypt-0.x/aktool/aktool_show.c">
			<Option target="aktool"/>
		</Unit>
		<Unit filename="/home/ettafury/Projects/PAZI_Jacobi_intersections/libakrypt-0.x/examples/example-hello.c">
			<Option target="example-hello"/>
		</Unit>
		<Unit filename="/home/ettafury/Projects/PAZI_Jacobi_intersections/libakrypt-0.x/examples/example-icode.c">
			<Option target="example-icode"/>
		</Unit>
		<Unit filename="/home/ettafury/Projects/PAZI_Jacobi_intersections/libakrypt-0.x/examples/example-ini.c">
			<Option target="example-ini"/>
		</Unit>
		<Unit filename="/home/ettafury/Projects/PAZI_Jacobi_intersections/libakrypt-0.x/examples/example-log.c">
			<Option target="example-log"/>
		</Unit>
		<Unit filename="/home/ettafury/Projects/PAZI_Jacobi_intersections/libakrypt-0.x/examples/example-oid.c">
			<Option target="example-oid"/>
		</Unit>
		<Unit filename="/home/ettafury/Projects/PAZI_Jacobi_intersections/libakrypt-0.x/source/ak_asn1.c">
			<Option target="akrypt-static"/>
			<Option target="akrypt-shared"/>
		</Unit>
		<Unit filename="/home/ettafury/Projects/PAZI_Jacobi_intersections/libakrypt-0.x/source/ak_asn1.h">
			<Option target="akrypt-static"/>
			<Option target="akrypt-shared"/>
		</Unit>
		<Unit filename="/home/ettafury/Projects/PAZI_Jacobi_intersections/libakrypt-0.x/source/ak_asn1_keys.c">
			<Option target="akrypt-static"/>
			<Option target="akrypt-shared"/>
		</Unit>
		<Unit filename="/home/ettafury/Projects/PAZI_Jacobi_intersections/libakrypt-0.x/source/ak_asn1_keys.h">
			<Option target="akrypt-static"/>
			<Option target="akrypt-shared"/>
		</Unit>
		<Unit filename="/home/ettafury/Projects/PAZI_Jacobi_intersections/libakrypt-0.x/source/ak_base64.c">
			<Option target="akrypt-static"/>
			<Option target="akrypt-shared"/>
		</Unit>
		<Unit filename="/home/ettafury/Projects/PAZI_Jacobi_intersections/libakrypt-0.x/source/ak_bckey.c">
			<Option target="akrypt-static"/>
			<Option target="akrypt-shared"/>
		</Unit>
		<Unit filename="/home/ettafury/Projects/PAZI_Jacobi_intersections/libakrypt-0.x/source/ak_bckey.h">
			<Option target="akrypt-static"/>
			<Option target="akrypt-shared"/>
		</Unit>
		<Unit filename="/home/ettafury/Projects/PAZI_Jacobi_intersections/libakrypt-0.x/source/ak_context_manager.c">
			<Option target="akrypt-static"/>
			<Option target="akrypt-shared"/>
		</Unit>
		<Unit filename="/home/ettafury/Projects/PAZI_Jacobi_intersections/libakrypt-0.x/source/ak_context_manager.h">
			<Option target="akrypt-static"/>
			<Option target="akrypt-shared"/>
		</Unit>
		<Unit filename="/home/ettafury/Projects/PAZI_Jacobi_intersections/libakrypt-0.x/source/ak_curves.c">
			<Option target="akrypt-static"/>
			<Option target="akrypt-shared"/>
		</Unit>
		<Unit filename="/home/ettafury/Projects/PAZI_Jacobi_intersections/libakrypt-0.x/source/ak_curves.h">
			<Option target="akrypt-static"/>
			<Option target="akrypt-shared"/>
		</Unit>
		<Unit filename="/home/ettafury/Projects/PAZI_Jacobi_intersections/libakrypt-0.x/source/ak_gf2n.c">
			<Option target="akrypt-static"/>
			<Option target="akrypt-shared"/>
		</Unit>
		<Unit filename="/home/ettafury/Projects/PAZI_Jacobi_intersections/libakrypt-0.x/source/ak_gf2n.h">
			<Option target="akrypt-static"/>
			<Option target="akrypt-shared"/>
		</Unit>
		<Unit filename="/home/ettafury/Projects/PAZI_Jacobi_intersections/libakrypt-0.x/source/ak_handle.c">
			<Option target="akrypt-static"/>
			<Option target="akrypt-shared"/>
		</Unit>
		<Unit filename="/home/ettafury/Projects/PAZI_Jacobi_intersections/libakrypt-0.x/source/ak_hash.c">
			<Option target="akrypt-static"/>
			<Option target="akrypt-shared"/>
		</Unit>
		<Unit filename="/home/ettafury/Projects/PAZI_Jacobi_intersections/libakrypt-0.x/source/ak_hash.h">
			<Option target="akrypt-static"/>
			<Option target="akrypt-shared"/>
		</Unit>
		<Unit filename="/home/ettafury/Projects/PAZI_Jacobi_intersections/libakrypt-0.x/source/ak_hashrnd.c">
			<Option target="akrypt-static"/>
			<Option target="akrypt-shared"/>
		</Unit>
		<Unit filename="/home/ettafury/Projects/PAZI_Jacobi_intersections/libakrypt-0.x/source/ak_hmac.c">
			<Option target="akrypt-static"/>
			<Option target="akrypt-shared"/>
		</Unit>
		<Unit filename="/home/ettafury/Projects/PAZI_Jacobi_intersections/libakrypt-0.x/source/ak_hmac.h">
			<Option target="akrypt-static"/>
			<Option target="akrypt-shared"/>
		</Unit>
		<Unit filename="/home/ettafury/Projects/PAZI_Jacobi_intersections/libakrypt-0.x/source/ak_ini.c">
			<Option target="akrypt-static"/>
			<Option target="akrypt-shared"/>
		</Unit>
		<Unit filename="/home/ettafury/Projects/PAZI_Jacobi_intersections/libakrypt-0.x/source/ak_kuznechik.c">
			<Option target="akrypt-static"/>
			<Option target="akrypt-shared"/>
		</Unit>
		<Unit filename="/home/ettafury/Projects/PAZI_Jacobi_intersections/libakrypt-0.x/source/ak_libakrypt.c">
			<Option target="akrypt-static"/>
			<Option target="akrypt-shared"/>
		</Unit>
		<Unit filename="/home/ettafury/Projects/PAZI_Jacobi_intersections/libakrypt-0.x/source/ak_mac.c">
			<Option target="akrypt-static"/>
			<Option target="akrypt-shared"/>
		</Unit>
		<Unit filename="/home/ettafury/Projects/PAZI_Jacobi_intersections/libakrypt-0.x/source/ak_mac.h">
			<Option target="akrypt-static"/>
			<Option target="akrypt-shared"/>
		</Unit>
		<Unit filename="/home/ettafury/Projects/PAZI_Jacobi_intersections/libakrypt-0.x/source/ak_magma.c">
			<Option target="akrypt-static"/>
			<Option target="akrypt-shared"/>
		</Unit>
		<Unit filename="/home/ettafury/Projects/PAZI_Jacobi_intersections/libakrypt-0.x/source/ak_mpzn.c">
			<Option target="akrypt-static"/>
			<Option target="akrypt-shared"/>
		</Unit>
		<Unit filename="/home/ettafury/Projects/PAZI_Jacobi_intersections/libakrypt-0.x/source/ak_mpzn.h">
			<Option target="akrypt-static"/>
			<Option target="akrypt-shared"/>
		</Unit>
		<Unit filename="/home/ettafury/Projects/PAZI_Jacobi_intersections/libakrypt-0.x/source/ak_oid.c">
			<Option target="akrypt-static"/>
			<Option target="akrypt-shared"/>
		</Unit>
		<Unit filename="/home/ettafury/Projects/PAZI_Jacobi_intersections/libakrypt-0.x/source/ak_oid.h">
			<Option target="akrypt-static"/>
			<Option target="akrypt-shared"/>
		</Unit>
		<Unit filename="/home/ettafury/Projects/PAZI_Jacobi_intersections/libakrypt-0.x/source/ak_parameters.c">
			<Option target="akrypt-static"/>
			<Option target="akrypt-shared"/>
		</Unit>
		<Unit filename="/home/ettafury/Projects/PAZI_Jacobi_intersections/libakrypt-0.x/source/ak_parameters.h">
			<Option target="akrypt-static"/>
			<Option target="akrypt-shared"/>
		</Unit>
		<Unit filename="/home/ettafury/Projects/PAZI_Jacobi_intersections/libakrypt-0.x/source/ak_random.c">
			<Option target="akrypt-static"/>
			<Option target="akrypt-shared"/>
		</Unit>
		<Unit filename="/home/ettafury/Projects/PAZI_Jacobi_intersections/libakrypt-0.x/source/ak_random.h">
			<Option target="akrypt-static"/>
			<Option target="akrypt-shared"/>
		</Unit>
		<Unit filename="/home/ettafury/Projects/PAZI_Jacobi_intersections/libakrypt-0.x/source/ak_sign.c">
			<Option target="akrypt-static"/>
			<Option target="akrypt-shared"/>
		</Unit>
		<Unit filename="/home/ettafury/Projects/PAZI_Jacobi_intersections/libakrypt-0.x/source/ak_sign.h">
			<Option target="akrypt-static"/>
			<Option target="akrypt-shared"/>
		</Unit>
		<Unit filename="/home/ettafury/Projects/PAZI_Jacobi_intersections/libakrypt-0.x/source/ak_skey.c">
			<Option target="akrypt-static"/>
			<Option target="akrypt-shared"/>
		</Unit>
		<Unit filename="/home/ettafury/Projects/PAZI_Jacobi_intersections/libakrypt-0.x/source/ak_skey.h">
			<Option target="akrypt-static"/>
			<Option target="akrypt-shared"/>
		</Unit>
		<Unit filename="/home/ettafury/Projects/PAZI_Jacobi_intersections/libakrypt-0.x/source/ak_tools.c">
			<Option target="akrypt-static"/>
			<Option target="akrypt-shared"/>
		</Unit>
		<Unit filename="/home/ettafury/Projects/PAZI_Jacobi_intersections/libakrypt-0.x/source/ak_tools.h">
			<Option target="akrypt-static"/>
			<Option target="akrypt-shared"/>
		</Unit>
		<Unit filename="/home/ettafury/Projects/PAZI_Jacobi_intersections/libakrypt-0.x/source/libakrypt.h">
			<Option target="akrypt-static"/>
			<Option target="akrypt-shared"/>
		</Unit>
		<Unit filename="/home/ettafury/Projects/PAZI_Jacobi_intersections/CMakeLists.txt">
			<Option virtualFolder="CMake Files\"/>
		</Unit>
		<Unit filename="/home/ettafury/Projects/PAZI_Jacobi_intersections/libakrypt-0.x/CMakeLists.txt">
			<Option virtualFolder="CMake Files\libakrypt-0.x\"/>
		</Unit>
		<Unit filename="/home/ettafury/Projects/PAZI_Jacobi_intersections/libakrypt-0.x/cmake/DetectFlags.cmake">
			<Option virtualFolder="CMake Files\libakrypt-0.x\cmake\"/>
		</Unit>
		<Unit filename="/home/ettafury/Projects/PAZI_Jacobi_intersections/libakrypt-0.x/cmake/DetectHeaders.cmake">
			<Option virtualFolder="CMake Files\libakrypt-0.x\cmake\"/>
		</Unit>
		<Unit filename="/home/ettafury/Projects/PAZI_Jacobi_intersections/libakrypt-0.x/cmake/DetectIntrinsics.cmake">
			<Option virtualFolder="CMake Files\libakrypt-0.x\cmake\"/>
		</Unit>
		<Unit filename="/home/ettafury/Projects/PAZI_Jacobi_intersections/libakrypt-0.x/cmake/DetectLibraries.cmake">
			<Option virtualFolder="CMake Files\libakrypt-0.x\cmake\"/>
		</Unit>
		<Unit filename="/home/ettafury/Projects/PAZI_Jacobi_intersections/libakrypt-0.x/cmake/MakeDist.cmake">
			<Option virtualFolder="CMake Files\libakrypt-0.x\cmake\"/>
		</Unit>
		<Unit filename="/home/ettafury/Projects/PAZI_Jacobi_intersections/libakrypt-0.x/cmake/MakeDoc.cmake">
			<Option virtualFolder="CMake Files\libakrypt-0.x\cmake\"/>
		</Unit>
		<Unit filename="/home/ettafury/Projects/PAZI_Jacobi_intersections/libakrypt-0.x/cmake/MakeInstall.cmake">
			<Option virtualFolder="CMake Files\libakrypt-0.x\cmake\"/>
		</Unit>
		<Unit filename="/home/ettafury/Projects/PAZI_Jacobi_intersections/libakrypt-0.x/source/libakrypt.h.in">
			<Option virtualFolder="CMake Files\libakrypt-0.x\source\"/>
		</Unit>
	</Project>
</CodeBlocks_project_file>
