<?xml version="1.0" encoding="UTF-8"?>
<CodeBlocks_project_file>
	<FileVersion major="1" minor="6"/>
	<Project>
		<Option title="PAZI_Jacobi_intersections"/>
		<Option makefile_is_custom="1"/>
		<Option compiler="gcc"/>
		<Option virtualFolders="CMake Files\;"/>
		<Build>
			<Target title="all">
				<Option working_dir="/home/ettafury/Projects/PAZI_Jacobi_intersections/Builds/Release"/>
				<Option type="4"/>
				<MakeCommands>
					<Build command="/usr/bin/ninja -v all"/>
					<CompileFile command="/usr/bin/ninja -v &quot;$file&quot;"/>
					<Clean command="/usr/bin/ninja -v clean"/>
					<DistClean command="/usr/bin/ninja -v clean"/>
				</MakeCommands>
			</Target>
			<Target title="rebuild_cache">
				<Option working_dir="/home/ettafury/Projects/PAZI_Jacobi_intersections/Builds/Release"/>
				<Option type="4"/>
				<MakeCommands>
					<Build command="/usr/bin/ninja -v rebuild_cache"/>
					<CompileFile command="/usr/bin/ninja -v &quot;$file&quot;"/>
					<Clean command="/usr/bin/ninja -v clean"/>
					<DistClean command="/usr/bin/ninja -v clean"/>
				</MakeCommands>
			</Target>
			<Target title="edit_cache">
				<Option working_dir="/home/ettafury/Projects/PAZI_Jacobi_intersections/Builds/Release"/>
				<Option type="4"/>
				<MakeCommands>
					<Build command="/usr/bin/ninja -v edit_cache"/>
					<CompileFile command="/usr/bin/ninja -v &quot;$file&quot;"/>
					<Clean command="/usr/bin/ninja -v clean"/>
					<DistClean command="/usr/bin/ninja -v clean"/>
				</MakeCommands>
			</Target>
			<Target title="PAZI_Jacobi_intersections">
				<Option output="/home/ettafury/Projects/PAZI_Jacobi_intersections/Builds/Release/PAZI_Jacobi_intersections" prefix_auto="0" extension_auto="0"/>
				<Option working_dir="/home/ettafury/Projects/PAZI_Jacobi_intersections/Builds/Release"/>
				<Option object_output="./"/>
				<Option type="1"/>
				<Option compiler="gcc"/>
				<Compiler>
					<Add directory="/usr/lib/gcc/x86_64-pc-linux-gnu/10.2.0/../../../../include/c++/10.2.0"/>
					<Add directory="/usr/lib/gcc/x86_64-pc-linux-gnu/10.2.0/../../../../include/c++/10.2.0/x86_64-pc-linux-gnu"/>
					<Add directory="/usr/lib/gcc/x86_64-pc-linux-gnu/10.2.0/../../../../include/c++/10.2.0/backward"/>
					<Add directory="/usr/lib/gcc/x86_64-pc-linux-gnu/10.2.0/include"/>
					<Add directory="/usr/local/include"/>
					<Add directory="/usr/lib/gcc/x86_64-pc-linux-gnu/10.2.0/include-fixed"/>
					<Add directory="/usr/include"/>
				</Compiler>
				<MakeCommands>
					<Build command="/usr/bin/ninja -v PAZI_Jacobi_intersections"/>
					<CompileFile command="/usr/bin/ninja -v &quot;$file&quot;"/>
					<Clean command="/usr/bin/ninja -v clean"/>
					<DistClean command="/usr/bin/ninja -v clean"/>
				</MakeCommands>
			</Target>
			<Target title="PAZI_Jacobi_intersections/fast">
				<Option output="/home/ettafury/Projects/PAZI_Jacobi_intersections/Builds/Release/PAZI_Jacobi_intersections" prefix_auto="0" extension_auto="0"/>
				<Option working_dir="/home/ettafury/Projects/PAZI_Jacobi_intersections/Builds/Release"/>
				<Option object_output="./"/>
				<Option type="1"/>
				<Option compiler="gcc"/>
				<Compiler>
					<Add directory="/usr/lib/gcc/x86_64-pc-linux-gnu/10.2.0/../../../../include/c++/10.2.0"/>
					<Add directory="/usr/lib/gcc/x86_64-pc-linux-gnu/10.2.0/../../../../include/c++/10.2.0/x86_64-pc-linux-gnu"/>
					<Add directory="/usr/lib/gcc/x86_64-pc-linux-gnu/10.2.0/../../../../include/c++/10.2.0/backward"/>
					<Add directory="/usr/lib/gcc/x86_64-pc-linux-gnu/10.2.0/include"/>
					<Add directory="/usr/local/include"/>
					<Add directory="/usr/lib/gcc/x86_64-pc-linux-gnu/10.2.0/include-fixed"/>
					<Add directory="/usr/include"/>
				</Compiler>
				<MakeCommands>
					<Build command="/usr/bin/ninja -v PAZI_Jacobi_intersections/fast"/>
					<CompileFile command="/usr/bin/ninja -v &quot;$file&quot;"/>
					<Clean command="/usr/bin/ninja -v clean"/>
					<DistClean command="/usr/bin/ninja -v clean"/>
				</MakeCommands>
			</Target>
		</Build>
		<Unit filename="/home/ettafury/Projects/PAZI_Jacobi_intersections/main.cpp">
			<Option target="PAZI_Jacobi_intersections"/>
		</Unit>
		<Unit filename="/home/ettafury/Projects/PAZI_Jacobi_intersections/CMakeLists.txt">
			<Option virtualFolder="CMake Files\"/>
		</Unit>
	</Project>
</CodeBlocks_project_file>
